github.com/mprot/mprotc v0.0.0-20240123102307-5efbb4d6860f h1:MBqWQwJZJDCXTM5/Sb2foMnzdSGI1paLt4AkHhRcP4s=
github.com/mprot/mprotc v0.0.0-20240123102307-5efbb4d6860f/go.mod h1:KZD6Ziu6ogJZ1iw6VacKzknGwILtGPJ8mPu70EjL/cg=
github.com/mprot/msgpack-go v0.0.0-20240115143507-782817afe539 h1:6mnOvN3We7xsy1Qjxc9DT0tVZpsMBU7h4o8M00Tvw2I=
github.com/mprot/msgpack-go v0.0.0-20240115143507-782817afe539/go.mod h1:u5y7Hn7igAT0edat1x28zto+kGAyD5kZYHiFNnaZ0YU=
